
Microsoft Visual Studio Solution File, Format Version 12.00
# Visual Studio 15
VisualStudioVersion = 15.0.27004.2009
MinimumVisualStudioVersion = 10.0.40219.1
Project("{FAE04EC0-301F-11D3-BF4B-00C04F79EFBC}") = "DataLoader", "DataLoader\DataLoader.csproj", "{112E46B4-90AB-42D9-B6DC-77C217A21920}"
EndProject
Project("{FAE04EC0-301F-11D3-BF4B-00C04F79EFBC}") = "DataContext", "DataContext\DataContext.csproj", "{12AF4130-01E4-4A02-A914-BE9BEDACC05B}"
EndProject
Project("{930C7802-8A8C-48F9-8165-68863BCCD9DD}") = "MyMSI", "MyMSI\MyMSI.wixproj", "{ECBD9165-9F1C-42A3-AF5B-024499A01E70}"
EndProject
Global
	GlobalSection(SolutionConfigurationPlatforms) = preSolution
		Debug|Any CPU = Debug|Any CPU
		Debug|x86 = Debug|x86
		Release|Any CPU = Release|Any CPU
		Release|x86 = Release|x86
	EndGlobalSection
	GlobalSection(ProjectConfigurationPlatforms) = postSolution
		{112E46B4-90AB-42D9-B6DC-77C217A21920}.Debug|Any CPU.ActiveCfg = Debug|Any CPU
		{112E46B4-90AB-42D9-B6DC-77C217A21920}.Debug|Any CPU.Build.0 = Debug|Any CPU
		{112E46B4-90AB-42D9-B6DC-77C217A21920}.Debug|x86.ActiveCfg = Debug|Any CPU
		{112E46B4-90AB-42D9-B6DC-77C217A21920}.Debug|x86.Build.0 = Debug|Any CPU
		{112E46B4-90AB-42D9-B6DC-77C217A21920}.Release|Any CPU.ActiveCfg = Release|Any CPU
		{112E46B4-90AB-42D9-B6DC-77C217A21920}.Release|Any CPU.Build.0 = Release|Any CPU
		{112E46B4-90AB-42D9-B6DC-77C217A21920}.Release|x86.ActiveCfg = Release|Any CPU
		{112E46B4-90AB-42D9-B6DC-77C217A21920}.Release|x86.Build.0 = Release|Any CPU
		{12AF4130-01E4-4A02-A914-BE9BEDACC05B}.Debug|Any CPU.ActiveCfg = Debug|Any CPU
		{12AF4130-01E4-4A02-A914-BE9BEDACC05B}.Debug|Any CPU.Build.0 = Debug|Any CPU
		{12AF4130-01E4-4A02-A914-BE9BEDACC05B}.Debug|x86.ActiveCfg = Debug|Any CPU
		{12AF4130-01E4-4A02-A914-BE9BEDACC05B}.Debug|x86.Build.0 = Debug|Any CPU
		{12AF4130-01E4-4A02-A914-BE9BEDACC05B}.Release|Any CPU.ActiveCfg = Release|Any CPU
		{12AF4130-01E4-4A02-A914-BE9BEDACC05B}.Release|Any CPU.Build.0 = Release|Any CPU
		{12AF4130-01E4-4A02-A914-BE9BEDACC05B}.Release|x86.ActiveCfg = Release|Any CPU
		{12AF4130-01E4-4A02-A914-BE9BEDACC05B}.Release|x86.Build.0 = Release|Any CPU
		{ECBD9165-9F1C-42A3-AF5B-024499A01E70}.Debug|Any CPU.ActiveCfg = Debug|x86
		{ECBD9165-9F1C-42A3-AF5B-024499A01E70}.Debug|x86.ActiveCfg = Debug|x86
		{ECBD9165-9F1C-42A3-AF5B-024499A01E70}.Debug|x86.Build.0 = Debug|x86
		{ECBD9165-9F1C-42A3-AF5B-024499A01E70}.Release|Any CPU.ActiveCfg = Release|x86
		{ECBD9165-9F1C-42A3-AF5B-024499A01E70}.Release|x86.ActiveCfg = Release|x86
		{ECBD9165-9F1C-42A3-AF5B-024499A01E70}.Release|x86.Build.0 = Release|x86
	EndGlobalSection
	GlobalSection(SolutionProperties) = preSolution
		HideSolutionNode = FALSE
	EndGlobalSection
	GlobalSection(ExtensibilityGlobals) = postSolution
		SolutionGuid = {5966067A-88B9-4B54-8F81-FECB635287EE}
	EndGlobalSection
EndGlobal
